
Microsoft Visual Studio Solution File, Format Version 12.00
# Visual Studio Version 17
VisualStudioVersion = 17.5.002.0
MinimumVisualStudioVersion = 10.0.40219.1
Project("{2150E333-8FDC-42A3-9474-1A3956D46DE8}") = "sandbox", "sandbox", "{AF4A6390-11F3-4455-B25A-A588EB0C0874}"
EndProject
Project("{9A19103F-16F7-4668-BE54-9A1E7A4F7556}") = "sandbox_project", "sandbox\sandbox_project\sandbox_project.csproj", "{95648786-C20D-47B9-B382-25EBB04FCDE0}"
EndProject
Project("{2150E333-8FDC-42A3-9474-1A3956D46DE8}") = "week01", "week01", "{61435354-68A4-4581-9B2C-30315D86B2FB}"
EndProject
Project("{9A19103F-16F7-4668-BE54-9A1E7A4F7556}") = "analyze", "week01\analyze\analyze.csproj", "{59449CE8-4A75-4789-9FF9-957AAC5A62F8}"
EndProject
Project("{9A19103F-16F7-4668-BE54-9A1E7A4F7556}") = "code", "week01\code\code.csproj", "{D9271878-28FE-4427-83CB-EB4068EE8F76}"
EndProject
Project("{9A19103F-16F7-4668-BE54-9A1E7A4F7556}") = "teach", "week01\teach\teach.csproj", "{40DF67A0-08DA-4977-A092-109F95C3E326}"
EndProject
Project("{2150E333-8FDC-42A3-9474-1A3956D46DE8}") = "week02", "week02", "{33373D21-E5BC-4FA4-81D0-6747A5DF928D}"
EndProject
Project("{9A19103F-16F7-4668-BE54-9A1E7A4F7556}") = "analyze", "week02\analyze\analyze.csproj", "{10A06053-FE31-485F-A728-A7C5442B9B31}"
EndProject
Project("{9A19103F-16F7-4668-BE54-9A1E7A4F7556}") = "code", "week02\code\code.csproj", "{39044C25-E0D2-430A-AA99-DFDF0A5DD6AA}"
EndProject
Project("{9A19103F-16F7-4668-BE54-9A1E7A4F7556}") = "learn", "week02\learn\learn.csproj", "{63ACFE41-5E42-41DD-83A9-8AEA3DED5237}"
EndProject
Project("{9A19103F-16F7-4668-BE54-9A1E7A4F7556}") = "teach", "week02\teach\teach.csproj", "{233D4AFE-3968-4506-83BE-93437E55E8A3}"
EndProject
Project("{2150E333-8FDC-42A3-9474-1A3956D46DE8}") = "week03", "week03", "{37E23F2C-EDAD-40C6-BC05-F7AFB8D7E15D}"
EndProject
Project("{9A19103F-16F7-4668-BE54-9A1E7A4F7556}") = "code", "week03\code\code.csproj", "{6E740E6F-343F-4274-9115-FF3E4361B5F9}"
EndProject
Project("{9A19103F-16F7-4668-BE54-9A1E7A4F7556}") = "learn", "week03\learn\learn.csproj", "{716CC471-C62C-4396-AA61-B40113034297}"
EndProject
Project("{9A19103F-16F7-4668-BE54-9A1E7A4F7556}") = "teach", "week03\teach\teach.csproj", "{76E73641-B8D1-4993-A725-B341070F2BAC}"
EndProject
Project("{2150E333-8FDC-42A3-9474-1A3956D46DE8}") = "week04", "week04", "{3F930BA7-8E8B-402C-80B5-6BB445CB37DB}"
EndProject
Project("{9A19103F-16F7-4668-BE54-9A1E7A4F7556}") = "code", "week04\code\code.csproj", "{B2B3B239-144A-4021-BCC2-9E857D41BE66}"
EndProject
Project("{2150E333-8FDC-42A3-9474-1A3956D46DE8}") = "week05", "week05", "{757833A8-ED90-477C-B2E8-6EDCF1F435D6}"
EndProject
Project("{9A19103F-16F7-4668-BE54-9A1E7A4F7556}") = "code", "week05\code\code.csproj", "{D327CC2F-05C5-4E9B-BBBD-BD7136402014}"
EndProject
Project("{2150E333-8FDC-42A3-9474-1A3956D46DE8}") = "week06", "week06", "{7B3EC4CF-3F75-4D71-84D3-419C2AD1F226}"
EndProject
Project("{9A19103F-16F7-4668-BE54-9A1E7A4F7556}") = "code", "week06\code\code.csproj", "{26EBE446-3033-45BE-B098-8CB32E5B43C7}"
EndProject
Global
	GlobalSection(SolutionConfigurationPlatforms) = preSolution
		Debug|Any CPU = Debug|Any CPU
		Release|Any CPU = Release|Any CPU
	EndGlobalSection
	GlobalSection(ProjectConfigurationPlatforms) = postSolution
		{95648786-C20D-47B9-B382-25EBB04FCDE0}.Debug|Any CPU.ActiveCfg = Debug|Any CPU
		{95648786-C20D-47B9-B382-25EBB04FCDE0}.Debug|Any CPU.Build.0 = Debug|Any CPU
		{95648786-C20D-47B9-B382-25EBB04FCDE0}.Release|Any CPU.ActiveCfg = Release|Any CPU
		{95648786-C20D-47B9-B382-25EBB04FCDE0}.Release|Any CPU.Build.0 = Release|Any CPU
		{59449CE8-4A75-4789-9FF9-957AAC5A62F8}.Debug|Any CPU.ActiveCfg = Debug|Any CPU
		{59449CE8-4A75-4789-9FF9-957AAC5A62F8}.Debug|Any CPU.Build.0 = Debug|Any CPU
		{59449CE8-4A75-4789-9FF9-957AAC5A62F8}.Release|Any CPU.ActiveCfg = Release|Any CPU
		{59449CE8-4A75-4789-9FF9-957AAC5A62F8}.Release|Any CPU.Build.0 = Release|Any CPU
		{D9271878-28FE-4427-83CB-EB4068EE8F76}.Debug|Any CPU.ActiveCfg = Debug|Any CPU
		{D9271878-28FE-4427-83CB-EB4068EE8F76}.Debug|Any CPU.Build.0 = Debug|Any CPU
		{D9271878-28FE-4427-83CB-EB4068EE8F76}.Release|Any CPU.ActiveCfg = Release|Any CPU
		{D9271878-28FE-4427-83CB-EB4068EE8F76}.Release|Any CPU.Build.0 = Release|Any CPU
		{40DF67A0-08DA-4977-A092-109F95C3E326}.Debug|Any CPU.ActiveCfg = Debug|Any CPU
		{40DF67A0-08DA-4977-A092-109F95C3E326}.Debug|Any CPU.Build.0 = Debug|Any CPU
		{40DF67A0-08DA-4977-A092-109F95C3E326}.Release|Any CPU.ActiveCfg = Release|Any CPU
		{40DF67A0-08DA-4977-A092-109F95C3E326}.Release|Any CPU.Build.0 = Release|Any CPU
		{10A06053-FE31-485F-A728-A7C5442B9B31}.Debug|Any CPU.ActiveCfg = Debug|Any CPU
		{10A06053-FE31-485F-A728-A7C5442B9B31}.Debug|Any CPU.Build.0 = Debug|Any CPU
		{10A06053-FE31-485F-A728-A7C5442B9B31}.Release|Any CPU.ActiveCfg = Release|Any CPU
		{10A06053-FE31-485F-A728-A7C5442B9B31}.Release|Any CPU.Build.0 = Release|Any CPU
		{39044C25-E0D2-430A-AA99-DFDF0A5DD6AA}.Debug|Any CPU.ActiveCfg = Debug|Any CPU
		{39044C25-E0D2-430A-AA99-DFDF0A5DD6AA}.Debug|Any CPU.Build.0 = Debug|Any CPU
		{39044C25-E0D2-430A-AA99-DFDF0A5DD6AA}.Release|Any CPU.ActiveCfg = Release|Any CPU
		{39044C25-E0D2-430A-AA99-DFDF0A5DD6AA}.Release|Any CPU.Build.0 = Release|Any CPU
		{63ACFE41-5E42-41DD-83A9-8AEA3DED5237}.Debug|Any CPU.ActiveCfg = Debug|Any CPU
		{63ACFE41-5E42-41DD-83A9-8AEA3DED5237}.Debug|Any CPU.Build.0 = Debug|Any CPU
		{63ACFE41-5E42-41DD-83A9-8AEA3DED5237}.Release|Any CPU.ActiveCfg = Release|Any CPU
		{63ACFE41-5E42-41DD-83A9-8AEA3DED5237}.Release|Any CPU.Build.0 = Release|Any CPU
		{233D4AFE-3968-4506-83BE-93437E55E8A3}.Debug|Any CPU.ActiveCfg = Debug|Any CPU
		{233D4AFE-3968-4506-83BE-93437E55E8A3}.Debug|Any CPU.Build.0 = Debug|Any CPU
		{233D4AFE-3968-4506-83BE-93437E55E8A3}.Release|Any CPU.ActiveCfg = Release|Any CPU
		{233D4AFE-3968-4506-83BE-93437E55E8A3}.Release|Any CPU.Build.0 = Release|Any CPU
		{6E740E6F-343F-4274-9115-FF3E4361B5F9}.Debug|Any CPU.ActiveCfg = Debug|Any CPU
		{6E740E6F-343F-4274-9115-FF3E4361B5F9}.Debug|Any CPU.Build.0 = Debug|Any CPU
		{6E740E6F-343F-4274-9115-FF3E4361B5F9}.Release|Any CPU.ActiveCfg = Release|Any CPU
		{6E740E6F-343F-4274-9115-FF3E4361B5F9}.Release|Any CPU.Build.0 = Release|Any CPU
		{716CC471-C62C-4396-AA61-B40113034297}.Debug|Any CPU.ActiveCfg = Debug|Any CPU
		{716CC471-C62C-4396-AA61-B40113034297}.Debug|Any CPU.Build.0 = Debug|Any CPU
		{716CC471-C62C-4396-AA61-B40113034297}.Release|Any CPU.ActiveCfg = Release|Any CPU
		{716CC471-C62C-4396-AA61-B40113034297}.Release|Any CPU.Build.0 = Release|Any CPU
		{76E73641-B8D1-4993-A725-B341070F2BAC}.Debug|Any CPU.ActiveCfg = Debug|Any CPU
		{76E73641-B8D1-4993-A725-B341070F2BAC}.Debug|Any CPU.Build.0 = Debug|Any CPU
		{76E73641-B8D1-4993-A725-B341070F2BAC}.Release|Any CPU.ActiveCfg = Release|Any CPU
		{76E73641-B8D1-4993-A725-B341070F2BAC}.Release|Any CPU.Build.0 = Release|Any CPU
		{B2B3B239-144A-4021-BCC2-9E857D41BE66}.Debug|Any CPU.ActiveCfg = Debug|Any CPU
		{B2B3B239-144A-4021-BCC2-9E857D41BE66}.Debug|Any CPU.Build.0 = Debug|Any CPU
		{B2B3B239-144A-4021-BCC2-9E857D41BE66}.Release|Any CPU.ActiveCfg = Release|Any CPU
		{B2B3B239-144A-4021-BCC2-9E857D41BE66}.Release|Any CPU.Build.0 = Release|Any CPU
		{D327CC2F-05C5-4E9B-BBBD-BD7136402014}.Debug|Any CPU.ActiveCfg = Debug|Any CPU
		{D327CC2F-05C5-4E9B-BBBD-BD7136402014}.Debug|Any CPU.Build.0 = Debug|Any CPU
		{D327CC2F-05C5-4E9B-BBBD-BD7136402014}.Release|Any CPU.ActiveCfg = Release|Any CPU
		{D327CC2F-05C5-4E9B-BBBD-BD7136402014}.Release|Any CPU.Build.0 = Release|Any CPU
		{26EBE446-3033-45BE-B098-8CB32E5B43C7}.Debug|Any CPU.ActiveCfg = Debug|Any CPU
		{26EBE446-3033-45BE-B098-8CB32E5B43C7}.Debug|Any CPU.Build.0 = Debug|Any CPU
		{26EBE446-3033-45BE-B098-8CB32E5B43C7}.Release|Any CPU.ActiveCfg = Release|Any CPU
		{26EBE446-3033-45BE-B098-8CB32E5B43C7}.Release|Any CPU.Build.0 = Release|Any CPU
	EndGlobalSection
	GlobalSection(SolutionProperties) = preSolution
		HideSolutionNode = FALSE
	EndGlobalSection
	GlobalSection(NestedProjects) = preSolution
		{95648786-C20D-47B9-B382-25EBB04FCDE0} = {AF4A6390-11F3-4455-B25A-A588EB0C0874}
		{59449CE8-4A75-4789-9FF9-957AAC5A62F8} = {61435354-68A4-4581-9B2C-30315D86B2FB}
		{D9271878-28FE-4427-83CB-EB4068EE8F76} = {61435354-68A4-4581-9B2C-30315D86B2FB}
		{40DF67A0-08DA-4977-A092-109F95C3E326} = {61435354-68A4-4581-9B2C-30315D86B2FB}
		{10A06053-FE31-485F-A728-A7C5442B9B31} = {33373D21-E5BC-4FA4-81D0-6747A5DF928D}
		{39044C25-E0D2-430A-AA99-DFDF0A5DD6AA} = {33373D21-E5BC-4FA4-81D0-6747A5DF928D}
		{63ACFE41-5E42-41DD-83A9-8AEA3DED5237} = {33373D21-E5BC-4FA4-81D0-6747A5DF928D}
		{233D4AFE-3968-4506-83BE-93437E55E8A3} = {33373D21-E5BC-4FA4-81D0-6747A5DF928D}
		{6E740E6F-343F-4274-9115-FF3E4361B5F9} = {37E23F2C-EDAD-40C6-BC05-F7AFB8D7E15D}
		{716CC471-C62C-4396-AA61-B40113034297} = {37E23F2C-EDAD-40C6-BC05-F7AFB8D7E15D}
		{76E73641-B8D1-4993-A725-B341070F2BAC} = {37E23F2C-EDAD-40C6-BC05-F7AFB8D7E15D}
		{B2B3B239-144A-4021-BCC2-9E857D41BE66} = {3F930BA7-8E8B-402C-80B5-6BB445CB37DB}
		{D327CC2F-05C5-4E9B-BBBD-BD7136402014} = {757833A8-ED90-477C-B2E8-6EDCF1F435D6}
		{26EBE446-3033-45BE-B098-8CB32E5B43C7} = {7B3EC4CF-3F75-4D71-84D3-419C2AD1F226}
	EndGlobalSection
	GlobalSection(ExtensibilityGlobals) = postSolution
		SolutionGuid = {195EF44C-3F7B-4396-A1E3-E3136FAB03DC}
	EndGlobalSection
EndGlobal
